
Microsoft Visual Studio Solution File, Format Version 12.00
# Visual Studio Version 17
VisualStudioVersion = 17.2.32802.462
MinimumVisualStudioVersion = 10.0.40219.1
Project("{FAE04EC0-301F-11D3-BF4B-00C04F79EFBC}") = "E2AC9V_ZH3", "E2AC9V_ZH3\E2AC9V_ZH3.csproj", "{A608F090-6C9D-42D4-857B-CF71BDE9028B}"
EndProject
Global
	GlobalSection(SolutionConfigurationPlatforms) = preSolution
		Debug|Any CPU = Debug|Any CPU
		Release|Any CPU = Release|Any CPU
	EndGlobalSection
	GlobalSection(ProjectConfigurationPlatforms) = postSolution
		{A608F090-6C9D-42D4-857B-CF71BDE9028B}.Debug|Any CPU.ActiveCfg = Debug|Any CPU
		{A608F090-6C9D-42D4-857B-CF71BDE9028B}.Debug|Any CPU.Build.0 = Debug|Any CPU
		{A608F090-6C9D-42D4-857B-CF71BDE9028B}.Release|Any CPU.ActiveCfg = Release|Any CPU
		{A608F090-6C9D-42D4-857B-CF71BDE9028B}.Release|Any CPU.Build.0 = Release|Any CPU
	EndGlobalSection
	GlobalSection(SolutionProperties) = preSolution
		HideSolutionNode = FALSE
	EndGlobalSection
	GlobalSection(ExtensibilityGlobals) = postSolution
		SolutionGuid = {0C0E68D2-90BD-4729-9ABE-688B3FEEC12A}
	EndGlobalSection
EndGlobal
